{
  "name": "npm-package-use",
  "version": "1.0.0",
  "lockfileVersion": 1,
  "requires": true,
  "dependencies": {
    "@paulojeronimo/npm-package-test": {
      "version": "1.0.4",
      "resolved": "https://registry.npmjs.org/@paulojeronimo/npm-package-test/-/npm-package-test-1.0.4.tgz",
      "integrity": "sha512-6ucCalbo//HFACVE5l0GDG5sMcFk7K9aJUJ2inX/W9Zb3b9yBZIAu4Zqyu/xZdekTxdUBIyL+WT++GhnvRrzgw==",
      "requires": {
        "parse-duration": "^0.1.1"
      }
    },
    "parse-duration": {
      "version": "0.1.1",
      "resolved": "https://registry.npmjs.org/parse-duration/-/parse-duration-0.1.1.tgz",
      "integrity": "sha1-ExFN3JiRwezSgANiRFVN5DZHoiY="
    }
  }
}
