{
  "name": "npm-package-use",
  "version": "1.0.0",
  "lockfileVersion": 1,
  "requires": true,
  "dependencies": {
    "@paulojeronimo/npm-package-test": {
      "version": "1.0.5",
      "resolved": "https://registry.npmjs.org/@paulojeronimo/npm-package-test/-/npm-package-test-1.0.5.tgz",
      "integrity": "sha512-x5NRVGgnFbT4PpIkAO0NvA104fwmGYlnxqbp8SLxuxY2PayeZWLi3GSxjE16X3GUQmlASYTK33lsZyu8xrzR/Q==",
      "requires": {
        "parse-duration": "^0.1.1"
      }
    },
    "parse-duration": {
      "version": "0.1.1",
      "resolved": "https://registry.npmjs.org/parse-duration/-/parse-duration-0.1.1.tgz",
      "integrity": "sha1-ExFN3JiRwezSgANiRFVN5DZHoiY="
    }
  }
}
